<?xml version="1.0" encoding="utf-8"?>
<Project ToolsVersion="4.0" xmlns="http://schemas.microsoft.com/developer/msbuild/2003">
  <ItemGroup>
    <Filter Include="Source Files">
      <UniqueIdentifier>{4FC737F1-C7A5-4376-A066-2A32D752A2FF}</UniqueIdentifier>
      <Extensions>cpp;c;cc;cxx;def;odl;idl;hpj;bat;asm;asmx</Extensions>
    </Filter>
    <Filter Include="Header Files">
      <UniqueIdentifier>{93995380-89BD-4b04-88EB-625FBE52EBFB}</UniqueIdentifier>
      <Extensions>h;hh;hpp;hxx;hm;inl;inc;ipp;xsd</Extensions>
    </Filter>
    <Filter Include="Resource Files">
      <UniqueIdentifier>{67DA6AB6-F800-4c08-8B7A-83BB121AAD01}</UniqueIdentifier>
      <Extensions>rc;ico;cur;bmp;dlg;rc2;rct;bin;rgs;gif;jpg;jpeg;jpe;resx;tiff;tif;png;wav;mfcribbon-ms</Extensions>
    </Filter>
    <Filter Include="Header Files\features">
      <UniqueIdentifier>{03a9a619-474f-4d74-887b-36b556a42740}</UniqueIdentifier>
    </Filter>
    <Filter Include="Source Files\features">
      <UniqueIdentifier>{364fa405-e0df-4880-b32e-e5b3a27778c8}</UniqueIdentifier>
    </Filter>
    <Filter Include="Header Files\menu">
      <UniqueIdentifier>{4bed7c80-364e-4953-97dd-832acb9efd83}</UniqueIdentifier>
    </Filter>
    <Filter Include="Source Files\menu">
      <UniqueIdentifier>{0ddfef03-b4a4-48e5-8b90-5422f0e32d91}</UniqueIdentifier>
    </Filter>
    <Filter Include="Header Files\minhook">
      <UniqueIdentifier>{b507edeb-8912-47c1-8d79-19dcf168d911}</UniqueIdentifier>
    </Filter>
    <Filter Include="Source Files\sdk">
      <UniqueIdentifier>{25ed1c35-41f8-4fe7-86bd-a6dcbda90613}</UniqueIdentifier>
    </Filter>
    <Filter Include="Header Files\sdk">
      <UniqueIdentifier>{2945f712-fe89-4992-a67a-b684b6d28baf}</UniqueIdentifier>
    </Filter>
    <Filter Include="Header Files\utils">
      <UniqueIdentifier>{60152058-cbb6-4e87-ae97-03214d5aa58b}</UniqueIdentifier>
    </Filter>
    <Filter Include="Source Files\utils">
      <UniqueIdentifier>{4c36f64e-d2a2-4cda-ba65-c53a96cdb7fa}</UniqueIdentifier>
    </Filter>
    <Filter Include="Header Files\oxui">
      <UniqueIdentifier>{9296d5d0-3e2f-4166-89cf-b325aa9aa35e}</UniqueIdentifier>
    </Filter>
    <Filter Include="Source Files\oxui">
      <UniqueIdentifier>{67483a28-c5ff-4cb1-9244-3ed95ee34036}</UniqueIdentifier>
    </Filter>
    <Filter Include="Header Files\oxui\d3d9">
      <UniqueIdentifier>{d046b11f-9e72-4174-b22d-d2bb2f560e8d}</UniqueIdentifier>
    </Filter>
    <Filter Include="Source Files\oxui\d3d9">
      <UniqueIdentifier>{e98506c8-986e-4369-bedc-1f4d9025c3a9}</UniqueIdentifier>
    </Filter>
  </ItemGroup>
  <ItemGroup>
    <ClInclude Include="globals.h">
      <Filter>Header Files</Filter>
    </ClInclude>
    <ClInclude Include="hooks.h">
      <Filter>Header Files</Filter>
    </ClInclude>
    <ClInclude Include="cheat.h">
      <Filter>Header Files</Filter>
    </ClInclude>
    <ClInclude Include="minhook\minhook.h">
      <Filter>Header Files\minhook</Filter>
    </ClInclude>
    <ClInclude Include="sdk\mem_alloc.h">
      <Filter>Header Files\sdk</Filter>
    </ClInclude>
    <ClInclude Include="sdk\netvar.h">
      <Filter>Header Files\sdk</Filter>
    </ClInclude>
    <ClInclude Include="sdk\physics.h">
      <Filter>Header Files\sdk</Filter>
    </ClInclude>
    <ClInclude Include="sdk\player.h">
      <Filter>Header Files\sdk</Filter>
    </ClInclude>
    <ClInclude Include="sdk\prediction.h">
      <Filter>Header Files\sdk</Filter>
    </ClInclude>
    <ClInclude Include="sdk\render_view.h">
      <Filter>Header Files\sdk</Filter>
    </ClInclude>
    <ClInclude Include="sdk\sdk.h">
      <Filter>Header Files\sdk</Filter>
    </ClInclude>
    <ClInclude Include="sdk\surface.h">
      <Filter>Header Files\sdk</Filter>
    </ClInclude>
    <ClInclude Include="sdk\trace.h">
      <Filter>Header Files\sdk</Filter>
    </ClInclude>
    <ClInclude Include="sdk\ucmd.h">
      <Filter>Header Files\sdk</Filter>
    </ClInclude>
    <ClInclude Include="sdk\vec3.h">
      <Filter>Header Files\sdk</Filter>
    </ClInclude>
    <ClInclude Include="sdk\weapon.h">
      <Filter>Header Files\sdk</Filter>
    </ClInclude>
    <ClInclude Include="sdk\client.h">
      <Filter>Header Files\sdk</Filter>
    </ClInclude>
    <ClInclude Include="sdk\engine.h">
      <Filter>Header Files\sdk</Filter>
    </ClInclude>
    <ClInclude Include="sdk\entity.h">
      <Filter>Header Files\sdk</Filter>
    </ClInclude>
    <ClInclude Include="sdk\entlist.h">
      <Filter>Header Files\sdk</Filter>
    </ClInclude>
    <ClInclude Include="sdk\events.h">
      <Filter>Header Files\sdk</Filter>
    </ClInclude>
    <ClInclude Include="sdk\globals.h">
      <Filter>Header Files\sdk</Filter>
    </ClInclude>
    <ClInclude Include="sdk\input.h">
      <Filter>Header Files\sdk</Filter>
    </ClInclude>
    <ClInclude Include="sdk\mat_system.h">
      <Filter>Header Files\sdk</Filter>
    </ClInclude>
    <ClInclude Include="sdk\matrix3x4.h">
      <Filter>Header Files\sdk</Filter>
    </ClInclude>
    <ClInclude Include="sdk\mdl_cache.h">
      <Filter>Header Files\sdk</Filter>
    </ClInclude>
    <ClInclude Include="sdk\mdl_info.h">
      <Filter>Header Files\sdk</Filter>
    </ClInclude>
    <ClInclude Include="sdk\mdl_render.h">
      <Filter>Header Files\sdk</Filter>
    </ClInclude>
    <ClInclude Include="utils\padding.h">
      <Filter>Header Files\utils</Filter>
    </ClInclude>
    <ClInclude Include="utils\patternscanner.h">
      <Filter>Header Files\utils</Filter>
    </ClInclude>
    <ClInclude Include="utils\utils.h">
      <Filter>Header Files\utils</Filter>
    </ClInclude>
    <ClInclude Include="utils\vfunc.h">
      <Filter>Header Files\utils</Filter>
    </ClInclude>
    <ClInclude Include="utils\base64.h">
      <Filter>Header Files\utils</Filter>
    </ClInclude>
    <ClInclude Include="utils\detours.h">
      <Filter>Header Files\utils</Filter>
    </ClInclude>
    <ClInclude Include="utils\miniz.h">
      <Filter>Header Files\utils</Filter>
    </ClInclude>
    <ClInclude Include="menu\menu.h">
      <Filter>Source Files\menu</Filter>
    </ClInclude>
    <ClInclude Include="menu\tahoma.h">
      <Filter>Source Files\menu</Filter>
    </ClInclude>
    <ClInclude Include="menu\weapons.h">
      <Filter>Source Files\menu</Filter>
    </ClInclude>
    <ClInclude Include="menu\tabs.h">
      <Filter>Source Files\menu</Filter>
    </ClInclude>
    <ClInclude Include="oxui\json.h">
      <Filter>Header Files\oxui</Filter>
    </ClInclude>
    <ClInclude Include="oxui\oxui.h">
      <Filter>Header Files\oxui</Filter>
    </ClInclude>
    <ClInclude Include="oxui\d3d9\impl.h">
      <Filter>Header Files\oxui\d3d9</Filter>
    </ClInclude>
  </ItemGroup>
  <ItemGroup>
    <ClCompile Include="main.cpp">
      <Filter>Source Files</Filter>
    </ClCompile>
    <ClCompile Include="hooks.cpp">
      <Filter>Source Files</Filter>
    </ClCompile>
    <ClCompile Include="globals.cpp">
      <Filter>Source Files</Filter>
    </ClCompile>
    <ClCompile Include="sdk\netvar.cpp">
      <Filter>Source Files\sdk</Filter>
    </ClCompile>
    <ClCompile Include="sdk\player.cpp">
      <Filter>Source Files\sdk</Filter>
    </ClCompile>
    <ClCompile Include="sdk\sdk.cpp">
      <Filter>Source Files\sdk</Filter>
    </ClCompile>
    <ClCompile Include="sdk\weapon.cpp">
      <Filter>Source Files\sdk</Filter>
    </ClCompile>
    <ClCompile Include="utils\miniz.c">
      <Filter>Source Files\utils</Filter>
    </ClCompile>
    <ClCompile Include="utils\utils.cpp">
      <Filter>Source Files\utils</Filter>
    </ClCompile>
    <ClCompile Include="menu\menu.cpp">
      <Filter>Header Files\menu</Filter>
    </ClCompile>
    <ClCompile Include="oxui\oxui.cpp">
      <Filter>Source Files\oxui</Filter>
    </ClCompile>
    <ClCompile Include="oxui\d3d9\impl.cpp">
      <Filter>Source Files\oxui\d3d9</Filter>
    </ClCompile>
  </ItemGroup>
</Project>