<?xml version="1.0" encoding="utf-8"?>
<Project ToolsVersion="4.0" xmlns="http://schemas.microsoft.com/developer/msbuild/2003">
  <ItemGroup>
    <Filter Include="Source Files">
      <UniqueIdentifier>{4FC737F1-C7A5-4376-A066-2A32D752A2FF}</UniqueIdentifier>
      <Extensions>cpp;c;cc;cxx;def;odl;idl;hpj;bat;asm;asmx</Extensions>
    </Filter>
    <Filter Include="Header Files">
      <UniqueIdentifier>{93995380-89BD-4b04-88EB-625FBE52EBFB}</UniqueIdentifier>
      <Extensions>h;hh;hpp;hxx;hm;inl;inc;ipp;xsd</Extensions>
    </Filter>
    <Filter Include="Header Files\minhook">
      <UniqueIdentifier>{0d6644dd-3b4c-40af-87b8-199cd646e7b4}</UniqueIdentifier>
    </Filter>
    <Filter Include="Header Files\oxui">
      <UniqueIdentifier>{8a6a2be0-6609-4f20-ad13-48dde2584085}</UniqueIdentifier>
    </Filter>
    <Filter Include="Source Files\oxui">
      <UniqueIdentifier>{09f3661f-ff89-4697-b30b-aa37813209a3}</UniqueIdentifier>
    </Filter>
    <Filter Include="Header Files\renderer">
      <UniqueIdentifier>{de401a3e-4f80-42fb-bc99-41dec950dfca}</UniqueIdentifier>
    </Filter>
    <Filter Include="Source Files\renderer">
      <UniqueIdentifier>{899073af-c3a7-4ef0-8350-a124ac1b4c88}</UniqueIdentifier>
    </Filter>
    <Filter Include="Header Files\sdk">
      <UniqueIdentifier>{4da6aed3-0f5f-495b-8403-4935625b1209}</UniqueIdentifier>
    </Filter>
    <Filter Include="Source Files\sdk">
      <UniqueIdentifier>{56a8a329-ea55-4033-a732-0b288b5a22d3}</UniqueIdentifier>
    </Filter>
    <Filter Include="Source Files\utils">
      <UniqueIdentifier>{9f9528c7-4c48-451f-9725-52c82855cfd9}</UniqueIdentifier>
    </Filter>
    <Filter Include="Header Files\utils">
      <UniqueIdentifier>{b480e07c-750e-4d76-8d4c-4b68ba8e5280}</UniqueIdentifier>
    </Filter>
    <Filter Include="Header Files\oxui\panels">
      <UniqueIdentifier>{463caa84-769f-4943-90a6-cb75aacbc5b4}</UniqueIdentifier>
    </Filter>
    <Filter Include="Source Files\oxui\panels">
      <UniqueIdentifier>{1dc8880e-b0be-4c75-b1e6-d1088a50d6de}</UniqueIdentifier>
    </Filter>
    <Filter Include="Header Files\oxui\types">
      <UniqueIdentifier>{2f28b4c1-ee0b-45a5-8ac6-66d0b7d26738}</UniqueIdentifier>
    </Filter>
    <Filter Include="Header Files\oxui\bindings">
      <UniqueIdentifier>{6883afc9-714e-4ce4-860c-9d7288af5629}</UniqueIdentifier>
    </Filter>
    <Filter Include="Header Files\oxui\objects">
      <UniqueIdentifier>{9c5168ca-67e6-4828-a120-468c9bb13c38}</UniqueIdentifier>
    </Filter>
    <Filter Include="Source Files\oxui\objects">
      <UniqueIdentifier>{401dc9aa-aafe-4464-9ab8-82de87567f78}</UniqueIdentifier>
    </Filter>
    <Filter Include="Header Files\oxui\themes">
      <UniqueIdentifier>{0a2ac983-7752-47b2-941d-f1da6fd8ac55}</UniqueIdentifier>
    </Filter>
    <Filter Include="Header Files\menu">
      <UniqueIdentifier>{510ac30a-0090-4e42-9906-b22127407870}</UniqueIdentifier>
    </Filter>
    <Filter Include="Source Files\menu">
      <UniqueIdentifier>{d6156e33-9c5e-4c99-90d8-35beafa22f3d}</UniqueIdentifier>
    </Filter>
    <Filter Include="Header Files\features">
      <UniqueIdentifier>{fa2f7eee-a92b-4f44-8e72-66ded3e04362}</UniqueIdentifier>
    </Filter>
    <Filter Include="Source Files\features">
      <UniqueIdentifier>{49604362-fffe-4e4c-81e5-b2abb186239b}</UniqueIdentifier>
    </Filter>
    <Filter Include="Header Files\animations">
      <UniqueIdentifier>{cd3e4c9b-6b1a-4b34-bab6-976d06a3a2ce}</UniqueIdentifier>
    </Filter>
    <Filter Include="Source Files\animations">
      <UniqueIdentifier>{af59fed1-4440-4f5d-97ed-a66396903510}</UniqueIdentifier>
    </Filter>
    <Filter Include="Header Files\security">
      <UniqueIdentifier>{bfbb7c62-8f74-4aa2-b127-184fefc8212b}</UniqueIdentifier>
    </Filter>
    <Filter Include="Source Files\security">
      <UniqueIdentifier>{1f4cc87e-e3ff-4633-bab9-74a7c6e6dba8}</UniqueIdentifier>
    </Filter>
    <Filter Include="Source Files\oxui\themes">
      <UniqueIdentifier>{b8aa3c0c-5ee7-448f-975e-50e20b0ab614}</UniqueIdentifier>
    </Filter>
    <Filter Include="Header Files\oxui\json">
      <UniqueIdentifier>{d86a2781-6ccc-4313-a2b4-e672ad8e59bb}</UniqueIdentifier>
    </Filter>
    <Filter Include="Source Files\oxui\json">
      <UniqueIdentifier>{3cdb2425-0306-4fc9-815f-e14375f666df}</UniqueIdentifier>
    </Filter>
    <Filter Include="Header Files\javascript">
      <UniqueIdentifier>{58ca562c-be61-4410-a0c0-ecdbee04ee78}</UniqueIdentifier>
    </Filter>
    <Filter Include="Source Files\javascript">
      <UniqueIdentifier>{a1ff31ec-2150-4468-bc62-eeb2717b5860}</UniqueIdentifier>
    </Filter>
    <Filter Include="Header Files\hooks">
      <UniqueIdentifier>{e70a0ba9-865a-46bd-8742-1c2e9ada5f52}</UniqueIdentifier>
    </Filter>
    <Filter Include="Source Files\hooks">
      <UniqueIdentifier>{39fd4053-7b6d-4d66-a945-79fd6e9eabf9}</UniqueIdentifier>
    </Filter>
  </ItemGroup>
  <ItemGroup>
    <ClInclude Include="renderer\d3d9.hpp">
      <Filter>Header Files\renderer</Filter>
    </ClInclude>
    <ClInclude Include="utils\base64.hpp">
      <Filter>Header Files\utils</Filter>
    </ClInclude>
    <ClInclude Include="utils\detours.hpp">
      <Filter>Header Files\utils</Filter>
    </ClInclude>
    <ClInclude Include="utils\miniz.h">
      <Filter>Header Files\utils</Filter>
    </ClInclude>
    <ClInclude Include="utils\padding.hpp">
      <Filter>Header Files\utils</Filter>
    </ClInclude>
    <ClInclude Include="utils\patternscanner.hpp">
      <Filter>Header Files\utils</Filter>
    </ClInclude>
    <ClInclude Include="utils\registers.hpp">
      <Filter>Header Files\utils</Filter>
    </ClInclude>
    <ClInclude Include="utils\utils.hpp">
      <Filter>Header Files\utils</Filter>
    </ClInclude>
    <ClInclude Include="utils\vfunc.hpp">
      <Filter>Header Files\utils</Filter>
    </ClInclude>
    <ClInclude Include="sdk\weapon.hpp">
      <Filter>Header Files\sdk</Filter>
    </ClInclude>
    <ClInclude Include="sdk\vec3.hpp">
      <Filter>Header Files\sdk</Filter>
    </ClInclude>
    <ClInclude Include="sdk\ucmd.hpp">
      <Filter>Header Files\sdk</Filter>
    </ClInclude>
    <ClInclude Include="sdk\trace.hpp">
      <Filter>Header Files\sdk</Filter>
    </ClInclude>
    <ClInclude Include="sdk\surface.hpp">
      <Filter>Header Files\sdk</Filter>
    </ClInclude>
    <ClInclude Include="sdk\sdk.hpp">
      <Filter>Header Files\sdk</Filter>
    </ClInclude>
    <ClInclude Include="sdk\render_view.hpp">
      <Filter>Header Files\sdk</Filter>
    </ClInclude>
    <ClInclude Include="sdk\prediction.hpp">
      <Filter>Header Files\sdk</Filter>
    </ClInclude>
    <ClInclude Include="sdk\player.hpp">
      <Filter>Header Files\sdk</Filter>
    </ClInclude>
    <ClInclude Include="sdk\physics.hpp">
      <Filter>Header Files\sdk</Filter>
    </ClInclude>
    <ClInclude Include="sdk\netvar.hpp">
      <Filter>Header Files\sdk</Filter>
    </ClInclude>
    <ClInclude Include="sdk\mem_alloc.hpp">
      <Filter>Header Files\sdk</Filter>
    </ClInclude>
    <ClInclude Include="sdk\mdl_render.hpp">
      <Filter>Header Files\sdk</Filter>
    </ClInclude>
    <ClInclude Include="sdk\mdl_info.hpp">
      <Filter>Header Files\sdk</Filter>
    </ClInclude>
    <ClInclude Include="sdk\mdl_cache.hpp">
      <Filter>Header Files\sdk</Filter>
    </ClInclude>
    <ClInclude Include="sdk\matrix3x4.hpp">
      <Filter>Header Files\sdk</Filter>
    </ClInclude>
    <ClInclude Include="sdk\mat_system.hpp">
      <Filter>Header Files\sdk</Filter>
    </ClInclude>
    <ClInclude Include="sdk\input.hpp">
      <Filter>Header Files\sdk</Filter>
    </ClInclude>
    <ClInclude Include="sdk\globals.hpp">
      <Filter>Header Files\sdk</Filter>
    </ClInclude>
    <ClInclude Include="sdk\events.hpp">
      <Filter>Header Files\sdk</Filter>
    </ClInclude>
    <ClInclude Include="sdk\entlist.hpp">
      <Filter>Header Files\sdk</Filter>
    </ClInclude>
    <ClInclude Include="sdk\entity.hpp">
      <Filter>Header Files\sdk</Filter>
    </ClInclude>
    <ClInclude Include="sdk\engine.hpp">
      <Filter>Header Files\sdk</Filter>
    </ClInclude>
    <ClInclude Include="sdk\client.hpp">
      <Filter>Header Files\sdk</Filter>
    </ClInclude>
    <ClInclude Include="globals.hpp">
      <Filter>Header Files</Filter>
    </ClInclude>
    <ClInclude Include="oxui\oxui.hpp">
      <Filter>Header Files\oxui</Filter>
    </ClInclude>
    <ClInclude Include="oxui\panels\panel.hpp">
      <Filter>Header Files\oxui\panels</Filter>
    </ClInclude>
    <ClInclude Include="oxui\types\types.hpp">
      <Filter>Header Files\oxui\types</Filter>
    </ClInclude>
    <ClInclude Include="oxui\bindings\bindings.hpp">
      <Filter>Header Files\oxui\bindings</Filter>
    </ClInclude>
    <ClInclude Include="oxui\objects\object.hpp">
      <Filter>Header Files\oxui\objects</Filter>
    </ClInclude>
    <ClInclude Include="oxui\objects\window.hpp">
      <Filter>Header Files\oxui\objects</Filter>
    </ClInclude>
    <ClInclude Include="oxui\objects\shapes.hpp">
      <Filter>Header Files\oxui\objects</Filter>
    </ClInclude>
    <ClInclude Include="oxui\themes\pink.hpp">
      <Filter>Header Files\oxui\themes</Filter>
    </ClInclude>
    <ClInclude Include="oxui\objects\tab.hpp">
      <Filter>Header Files\oxui\objects</Filter>
    </ClInclude>
    <ClInclude Include="oxui\themes\purple.hpp">
      <Filter>Header Files\oxui\themes</Filter>
    </ClInclude>
    <ClInclude Include="oxui\objects\groupbox.hpp">
      <Filter>Header Files\oxui\objects</Filter>
    </ClInclude>
    <ClInclude Include="oxui\objects\checkbox.hpp">
      <Filter>Header Files\oxui\objects</Filter>
    </ClInclude>
    <ClInclude Include="oxui\objects\slider.hpp">
      <Filter>Header Files\oxui\objects</Filter>
    </ClInclude>
    <ClInclude Include="menu\menu.hpp">
      <Filter>Header Files\menu</Filter>
    </ClInclude>
    <ClInclude Include="oxui\objects\button.hpp">
      <Filter>Header Files\oxui\objects</Filter>
    </ClInclude>
    <ClInclude Include="minhook\minhook.h">
      <Filter>Header Files\minhook</Filter>
    </ClInclude>
    <ClInclude Include="features\chams.hpp">
      <Filter>Header Files\features</Filter>
    </ClInclude>
    <ClInclude Include="features\esp.hpp">
      <Filter>Header Files\features</Filter>
    </ClInclude>
    <ClInclude Include="features\movement.hpp">
      <Filter>Header Files\features</Filter>
    </ClInclude>
    <ClInclude Include="features\ragebot.hpp">
      <Filter>Header Files\features</Filter>
    </ClInclude>
    <ClInclude Include="features\autowall.hpp">
      <Filter>Header Files\features</Filter>
    </ClInclude>
    <ClInclude Include="animations\animations.hpp">
      <Filter>Header Files\animations</Filter>
    </ClInclude>
    <ClInclude Include="oxui\objects\dropdown.hpp">
      <Filter>Header Files\oxui\objects</Filter>
    </ClInclude>
    <ClInclude Include="features\antiaim.hpp">
      <Filter>Header Files\features</Filter>
    </ClInclude>
    <ClInclude Include="features\prediction.hpp">
      <Filter>Header Files\features</Filter>
    </ClInclude>
    <ClInclude Include="security\anti_debug.hpp">
      <Filter>Header Files\security</Filter>
    </ClInclude>
    <ClInclude Include="security\obfy.hpp">
      <Filter>Header Files\security</Filter>
    </ClInclude>
    <ClInclude Include="security\text_section_hasher.hpp">
      <Filter>Header Files\security</Filter>
    </ClInclude>
    <ClInclude Include="security\xorstr.hpp">
      <Filter>Header Files\security</Filter>
    </ClInclude>
    <ClInclude Include="security\security_handler.hpp">
      <Filter>Header Files\security</Filter>
    </ClInclude>
    <ClInclude Include="security\lazy_importer.hpp">
      <Filter>Header Files\security</Filter>
    </ClInclude>
    <ClInclude Include="features\clantag.hpp">
      <Filter>Header Files\features</Filter>
    </ClInclude>
    <ClInclude Include="oxui\objects\textbox.hpp">
      <Filter>Header Files\oxui\objects</Filter>
    </ClInclude>
    <ClInclude Include="features\lagcomp.hpp">
      <Filter>Header Files\features</Filter>
    </ClInclude>
    <ClInclude Include="oxui\objects\colorpicker.hpp">
      <Filter>Header Files\oxui\objects</Filter>
    </ClInclude>
    <ClInclude Include="features\glow.hpp">
      <Filter>Header Files\features</Filter>
    </ClInclude>
    <ClInclude Include="animations\resolver.hpp">
      <Filter>Header Files\animations</Filter>
    </ClInclude>
    <ClInclude Include="oxui\objects\keybind.hpp">
      <Filter>Header Files\oxui\objects</Filter>
    </ClInclude>
    <ClInclude Include="oxui\json\cJSON.h">
      <Filter>Header Files\oxui\json</Filter>
    </ClInclude>
    <ClInclude Include="oxui\objects\label.hpp">
      <Filter>Header Files\oxui\objects</Filter>
    </ClInclude>
    <ClInclude Include="resource.h">
      <Filter>Header Files</Filter>
    </ClInclude>
    <ClInclude Include="sesame_font.h">
      <Filter>Header Files</Filter>
    </ClInclude>
    <ClInclude Include="sesame_logo.h">
      <Filter>Header Files</Filter>
    </ClInclude>
    <ClInclude Include="oxui\objects\subtab.hpp">
      <Filter>Header Files\oxui\objects</Filter>
    </ClInclude>
    <ClInclude Include="security\erase.hpp">
      <Filter>Header Files\security</Filter>
    </ClInclude>
    <ClInclude Include="features\nade_prediction.hpp">
      <Filter>Header Files\features</Filter>
    </ClInclude>
    <ClInclude Include="sdk\effects.hpp">
      <Filter>Header Files\sdk</Filter>
    </ClInclude>
    <ClInclude Include="features\other_visuals.hpp">
      <Filter>Header Files\features</Filter>
    </ClInclude>
    <ClInclude Include="hitsounds.h">
      <Filter>Header Files</Filter>
    </ClInclude>
    <ClInclude Include="player_images.h">
      <Filter>Header Files</Filter>
    </ClInclude>
    <ClInclude Include="oxui\objects\visual_editor.hpp">
      <Filter>Header Files\oxui\objects</Filter>
    </ClInclude>
    <ClInclude Include="javascript\duk_config.h">
      <Filter>Header Files\javascript</Filter>
    </ClInclude>
    <ClInclude Include="javascript\duktape.h">
      <Filter>Header Files\javascript</Filter>
    </ClInclude>
    <ClInclude Include="javascript\js_api.hpp">
      <Filter>Header Files\javascript</Filter>
    </ClInclude>
    <ClInclude Include="hooks\hooks.hpp">
      <Filter>Header Files\hooks</Filter>
    </ClInclude>
    <ClInclude Include="hooks\in_prediction.hpp">
      <Filter>Header Files\hooks</Filter>
    </ClInclude>
    <ClInclude Include="hooks\create_move.hpp">
      <Filter>Header Files\hooks</Filter>
    </ClInclude>
    <ClInclude Include="hooks\get_viewmodel_fov.hpp">
      <Filter>Header Files\hooks</Filter>
    </ClInclude>
    <ClInclude Include="hooks\override_view.hpp">
      <Filter>Header Files\hooks</Filter>
    </ClInclude>
    <ClInclude Include="hooks\scene_end.hpp">
      <Filter>Header Files\hooks</Filter>
    </ClInclude>
    <ClInclude Include="hooks\draw_model_execute.hpp">
      <Filter>Header Files\hooks</Filter>
    </ClInclude>
    <ClInclude Include="hooks\frame_stage_notify.hpp">
      <Filter>Header Files\hooks</Filter>
    </ClInclude>
    <ClInclude Include="hooks\end_scene.hpp">
      <Filter>Header Files\hooks</Filter>
    </ClInclude>
    <ClInclude Include="hooks\reset.hpp">
      <Filter>Header Files\hooks</Filter>
    </ClInclude>
    <ClInclude Include="hooks\lock_cursor.hpp">
      <Filter>Header Files\hooks</Filter>
    </ClInclude>
    <ClInclude Include="hooks\do_extra_bone_processing.hpp">
      <Filter>Header Files\hooks</Filter>
    </ClInclude>
    <ClInclude Include="hooks\get_eye_angles.hpp">
      <Filter>Header Files\hooks</Filter>
    </ClInclude>
    <ClInclude Include="hooks\get_bool.hpp">
      <Filter>Header Files\hooks</Filter>
    </ClInclude>
    <ClInclude Include="hooks\send_datagram.hpp">
      <Filter>Header Files\hooks</Filter>
    </ClInclude>
    <ClInclude Include="hooks\should_skip_anim_frame.hpp">
      <Filter>Header Files\hooks</Filter>
    </ClInclude>
    <ClInclude Include="hooks\is_hltv.hpp">
      <Filter>Header Files\hooks</Filter>
    </ClInclude>
    <ClInclude Include="hooks\write_usercmd_delta_to_buffer.hpp">
      <Filter>Header Files\hooks</Filter>
    </ClInclude>
    <ClInclude Include="hooks\list_leaves_in_box.hpp">
      <Filter>Header Files\hooks</Filter>
    </ClInclude>
    <ClInclude Include="hooks\paint_traverse.hpp">
      <Filter>Header Files\hooks</Filter>
    </ClInclude>
    <ClInclude Include="hooks\send_net_msg.hpp">
      <Filter>Header Files\hooks</Filter>
    </ClInclude>
    <ClInclude Include="hooks\emit_sound.hpp">
      <Filter>Header Files\hooks</Filter>
    </ClInclude>
    <ClInclude Include="hooks\cs_blood_spray_callback.hpp">
      <Filter>Header Files\hooks</Filter>
    </ClInclude>
    <ClInclude Include="hooks\modify_eye_pos.hpp">
      <Filter>Header Files\hooks</Filter>
    </ClInclude>
    <ClInclude Include="hooks\wnd_proc.hpp">
      <Filter>Header Files\hooks</Filter>
    </ClInclude>
    <ClInclude Include="hooks\events.hpp">
      <Filter>Header Files\hooks</Filter>
    </ClInclude>
    <ClInclude Include="hooks\setup_bones.hpp">
      <Filter>Header Files\hooks</Filter>
    </ClInclude>
    <ClInclude Include="segoeui.h">
      <Filter>Header Files</Filter>
    </ClInclude>
  </ItemGroup>
  <ItemGroup>
    <ClCompile Include="renderer\d3d9.cpp">
      <Filter>Source Files\renderer</Filter>
    </ClCompile>
    <ClCompile Include="utils\miniz.c">
      <Filter>Source Files\utils</Filter>
    </ClCompile>
    <ClCompile Include="utils\utils.cpp">
      <Filter>Source Files\utils</Filter>
    </ClCompile>
    <ClCompile Include="sdk\netvar.cpp">
      <Filter>Source Files\sdk</Filter>
    </ClCompile>
    <ClCompile Include="sdk\player.cpp">
      <Filter>Source Files\sdk</Filter>
    </ClCompile>
    <ClCompile Include="sdk\sdk.cpp">
      <Filter>Source Files\sdk</Filter>
    </ClCompile>
    <ClCompile Include="sdk\weapon.cpp">
      <Filter>Source Files\sdk</Filter>
    </ClCompile>
    <ClCompile Include="main.cpp">
      <Filter>Source Files</Filter>
    </ClCompile>
    <ClCompile Include="globals.cpp">
      <Filter>Source Files</Filter>
    </ClCompile>
    <ClCompile Include="oxui\panels\panel.cpp">
      <Filter>Source Files\oxui\panels</Filter>
    </ClCompile>
    <ClCompile Include="oxui\objects\object.cpp">
      <Filter>Source Files\oxui\objects</Filter>
    </ClCompile>
    <ClCompile Include="oxui\objects\window.cpp">
      <Filter>Source Files\oxui\objects</Filter>
    </ClCompile>
    <ClCompile Include="oxui\objects\shapes.cpp">
      <Filter>Source Files\oxui\objects</Filter>
    </ClCompile>
    <ClCompile Include="oxui\objects\tab.cpp">
      <Filter>Source Files\oxui\objects</Filter>
    </ClCompile>
    <ClCompile Include="oxui\objects\groupbox.cpp">
      <Filter>Source Files\oxui\objects</Filter>
    </ClCompile>
    <ClCompile Include="oxui\objects\checkbox.cpp">
      <Filter>Source Files\oxui\objects</Filter>
    </ClCompile>
    <ClCompile Include="oxui\objects\slider.cpp">
      <Filter>Source Files\oxui\objects</Filter>
    </ClCompile>
    <ClCompile Include="menu\menu.cpp">
      <Filter>Source Files\menu</Filter>
    </ClCompile>
    <ClCompile Include="oxui\objects\button.cpp">
      <Filter>Source Files\oxui\objects</Filter>
    </ClCompile>
    <ClCompile Include="features\chams.cpp">
      <Filter>Source Files\features</Filter>
    </ClCompile>
    <ClCompile Include="features\esp.cpp">
      <Filter>Source Files\features</Filter>
    </ClCompile>
    <ClCompile Include="features\movement.cpp">
      <Filter>Source Files\features</Filter>
    </ClCompile>
    <ClCompile Include="features\ragebot.cpp">
      <Filter>Source Files\features</Filter>
    </ClCompile>
    <ClCompile Include="features\autowall.cpp">
      <Filter>Source Files\features</Filter>
    </ClCompile>
    <ClCompile Include="animations\animations.cpp">
      <Filter>Source Files\animations</Filter>
    </ClCompile>
    <ClCompile Include="oxui\objects\dropdown.cpp">
      <Filter>Source Files\oxui\objects</Filter>
    </ClCompile>
    <ClCompile Include="features\antiaim.cpp">
      <Filter>Source Files\features</Filter>
    </ClCompile>
    <ClCompile Include="features\prediction.cpp">
      <Filter>Source Files\features</Filter>
    </ClCompile>
    <ClCompile Include="security\anti_debug.cpp">
      <Filter>Source Files\security</Filter>
    </ClCompile>
    <ClCompile Include="features\clantag.cpp">
      <Filter>Source Files\features</Filter>
    </ClCompile>
    <ClCompile Include="oxui\themes\theme.cpp">
      <Filter>Source Files\oxui\themes</Filter>
    </ClCompile>
    <ClCompile Include="oxui\objects\textbox.cpp">
      <Filter>Source Files\oxui\objects</Filter>
    </ClCompile>
    <ClCompile Include="features\lagcomp.cpp">
      <Filter>Source Files\features</Filter>
    </ClCompile>
    <ClCompile Include="oxui\objects\colorpicker.cpp">
      <Filter>Source Files\oxui\objects</Filter>
    </ClCompile>
    <ClCompile Include="features\glow.cpp">
      <Filter>Source Files\features</Filter>
    </ClCompile>
    <ClCompile Include="animations\resolver.cpp">
      <Filter>Source Files\animations</Filter>
    </ClCompile>
    <ClCompile Include="oxui\objects\keybind.cpp">
      <Filter>Source Files\oxui\objects</Filter>
    </ClCompile>
    <ClCompile Include="oxui\json\cJSON.c">
      <Filter>Source Files\oxui\json</Filter>
    </ClCompile>
    <ClCompile Include="oxui\objects\label.cpp">
      <Filter>Source Files\oxui\objects</Filter>
    </ClCompile>
    <ClCompile Include="oxui\objects\subtab.cpp">
      <Filter>Source Files\oxui\objects</Filter>
    </ClCompile>
    <ClCompile Include="features\nade_prediction.cpp">
      <Filter>Source Files\features</Filter>
    </ClCompile>
    <ClCompile Include="features\other_visuals.cpp">
      <Filter>Source Files\features</Filter>
    </ClCompile>
    <ClCompile Include="oxui\objects\visual_editor.cpp">
      <Filter>Source Files\oxui\objects</Filter>
    </ClCompile>
    <ClCompile Include="javascript\duktape.c">
      <Filter>Source Files\javascript</Filter>
    </ClCompile>
    <ClCompile Include="javascript\js_api.cpp">
      <Filter>Source Files\javascript</Filter>
    </ClCompile>
    <ClCompile Include="hooks\hooks.cpp">
      <Filter>Source Files\hooks</Filter>
    </ClCompile>
    <ClCompile Include="hooks\in_prediction.cpp">
      <Filter>Source Files\hooks</Filter>
    </ClCompile>
    <ClCompile Include="hooks\create_move.cpp">
      <Filter>Source Files\hooks</Filter>
    </ClCompile>
    <ClCompile Include="hooks\get_viewmodel_fov.cpp">
      <Filter>Source Files\hooks</Filter>
    </ClCompile>
    <ClCompile Include="hooks\override_view.cpp">
      <Filter>Source Files\hooks</Filter>
    </ClCompile>
    <ClCompile Include="hooks\scene_end.cpp">
      <Filter>Source Files\hooks</Filter>
    </ClCompile>
    <ClCompile Include="hooks\draw_model_execute.cpp">
      <Filter>Source Files\hooks</Filter>
    </ClCompile>
    <ClCompile Include="hooks\frame_stage_notify.cpp">
      <Filter>Source Files\hooks</Filter>
    </ClCompile>
    <ClCompile Include="hooks\end_scene.cpp">
      <Filter>Source Files\hooks</Filter>
    </ClCompile>
    <ClCompile Include="hooks\reset.cpp">
      <Filter>Source Files\hooks</Filter>
    </ClCompile>
    <ClCompile Include="hooks\lock_cursor.cpp">
      <Filter>Source Files\hooks</Filter>
    </ClCompile>
    <ClCompile Include="hooks\do_extra_bone_processing.cpp">
      <Filter>Source Files\hooks</Filter>
    </ClCompile>
    <ClCompile Include="hooks\get_eye_angles.cpp">
      <Filter>Source Files\hooks</Filter>
    </ClCompile>
    <ClCompile Include="hooks\get_bool.cpp">
      <Filter>Source Files\hooks</Filter>
    </ClCompile>
    <ClCompile Include="hooks\send_datagram.cpp">
      <Filter>Source Files\hooks</Filter>
    </ClCompile>
    <ClCompile Include="hooks\should_skip_anim_frame.cpp">
      <Filter>Source Files\hooks</Filter>
    </ClCompile>
    <ClCompile Include="hooks\is_hltv.cpp">
      <Filter>Source Files\hooks</Filter>
    </ClCompile>
    <ClCompile Include="hooks\write_usercmd_delta_to_buffer.cpp">
      <Filter>Source Files\hooks</Filter>
    </ClCompile>
    <ClCompile Include="hooks\list_leaves_in_box.cpp">
      <Filter>Source Files\hooks</Filter>
    </ClCompile>
    <ClCompile Include="hooks\paint_traverse.cpp">
      <Filter>Source Files\hooks</Filter>
    </ClCompile>
    <ClCompile Include="hooks\send_net_msg.cpp">
      <Filter>Source Files\hooks</Filter>
    </ClCompile>
    <ClCompile Include="hooks\emit_sound.cpp">
      <Filter>Source Files\hooks</Filter>
    </ClCompile>
    <ClCompile Include="hooks\cs_blood_spray_callback.cpp">
      <Filter>Source Files\hooks</Filter>
    </ClCompile>
    <ClCompile Include="hooks\modify_eye_pos.cpp">
      <Filter>Source Files\hooks</Filter>
    </ClCompile>
    <ClCompile Include="hooks\wnd_proc.cpp">
      <Filter>Source Files\hooks</Filter>
    </ClCompile>
    <ClCompile Include="hooks\events.cpp">
      <Filter>Source Files\hooks</Filter>
    </ClCompile>
    <ClCompile Include="hooks\setup_bones.cpp">
      <Filter>Source Files\hooks</Filter>
    </ClCompile>
  </ItemGroup>
</Project>